
Microsoft Visual Studio Solution File, Format Version 12.00
# Visual Studio Version 17
VisualStudioVersion = 17.1.32319.34
MinimumVisualStudioVersion = 10.0.40219.1
Project("{FAE04EC0-301F-11D3-BF4B-00C04F79EFBC}") = "AdhdClock", "AdhdClock\AdhdClock.csproj", "{0D1D837A-CFC8-44F8-B610-76923BA2B797}"
EndProject
Global
	GlobalSection(SolutionConfigurationPlatforms) = preSolution
		Debug|Any CPU = Debug|Any CPU
		Release|Any CPU = Release|Any CPU
	EndGlobalSection
	GlobalSection(ProjectConfigurationPlatforms) = postSolution
		{0D1D837A-CFC8-44F8-B610-76923BA2B797}.Debug|Any CPU.ActiveCfg = Debug|Any CPU
		{0D1D837A-CFC8-44F8-B610-76923BA2B797}.Debug|Any CPU.Build.0 = Debug|Any CPU
		{0D1D837A-CFC8-44F8-B610-76923BA2B797}.Release|Any CPU.ActiveCfg = Release|Any CPU
		{0D1D837A-CFC8-44F8-B610-76923BA2B797}.Release|Any CPU.Build.0 = Release|Any CPU
	EndGlobalSection
	GlobalSection(SolutionProperties) = preSolution
		HideSolutionNode = FALSE
	EndGlobalSection
	GlobalSection(ExtensibilityGlobals) = postSolution
		SolutionGuid = {3DB38688-18D2-43AC-972E-37630D728652}
	EndGlobalSection
EndGlobal
